
Microsoft Visual Studio Solution File, Format Version 12.00
# Visual Studio Version 16
VisualStudioVersion = 16.0.31112.23
MinimumVisualStudioVersion = 10.0.40219.1
Project("{FAE04EC0-301F-11D3-BF4B-00C04F79EFBC}") = "VoskEngine", "VoskEngine\VoskEngine.csproj", "{BD9BC73D-B0FF-4C88-A824-FFA18889C051}"
EndProject
Global
	GlobalSection(SolutionConfigurationPlatforms) = preSolution
		Debug|Any CPU = Debug|Any CPU
		Release|Any CPU = Release|Any CPU
	EndGlobalSection
	GlobalSection(ProjectConfigurationPlatforms) = postSolution
		{BD9BC73D-B0FF-4C88-A824-FFA18889C051}.Debug|Any CPU.ActiveCfg = Debug|Any CPU
		{BD9BC73D-B0FF-4C88-A824-FFA18889C051}.Debug|Any CPU.Build.0 = Debug|Any CPU
		{BD9BC73D-B0FF-4C88-A824-FFA18889C051}.Release|Any CPU.ActiveCfg = Release|Any CPU
		{BD9BC73D-B0FF-4C88-A824-FFA18889C051}.Release|Any CPU.Build.0 = Release|Any CPU
	EndGlobalSection
	GlobalSection(SolutionProperties) = preSolution
		HideSolutionNode = FALSE
	EndGlobalSection
	GlobalSection(ExtensibilityGlobals) = postSolution
		SolutionGuid = {A7316BD3-F2A5-4347-BCCE-EE52953983F6}
	EndGlobalSection
EndGlobal
