
Microsoft Visual Studio Solution File, Format Version 12.00
# Visual Studio Version 16
VisualStudioVersion = 16.0.30503.244
MinimumVisualStudioVersion = 10.0.40219.1
Project("{9A19103F-16F7-4668-BE54-9A1E7A4F7556}") = "VCTUtility", "VCTUtility\VCTUtility.csproj", "{080A992A-F581-45A7-830D-668C6E201071}"
EndProject
Project("{9A19103F-16F7-4668-BE54-9A1E7A4F7556}") = "VoskEngine", "..\..\VoskEngine\VoskEngine\VoskEngine.csproj", "{344F3712-17CA-4AB0-987C-5CBF435F6CF6}"
EndProject
Global
	GlobalSection(SolutionConfigurationPlatforms) = preSolution
		Debug|Any CPU = Debug|Any CPU
		Release|Any CPU = Release|Any CPU
	EndGlobalSection
	GlobalSection(ProjectConfigurationPlatforms) = postSolution
		{080A992A-F581-45A7-830D-668C6E201071}.Debug|Any CPU.ActiveCfg = Debug|Any CPU
		{080A992A-F581-45A7-830D-668C6E201071}.Debug|Any CPU.Build.0 = Debug|Any CPU
		{080A992A-F581-45A7-830D-668C6E201071}.Release|Any CPU.ActiveCfg = Release|Any CPU
		{080A992A-F581-45A7-830D-668C6E201071}.Release|Any CPU.Build.0 = Release|Any CPU
		{344F3712-17CA-4AB0-987C-5CBF435F6CF6}.Debug|Any CPU.ActiveCfg = Debug|Any CPU
		{344F3712-17CA-4AB0-987C-5CBF435F6CF6}.Debug|Any CPU.Build.0 = Debug|Any CPU
		{344F3712-17CA-4AB0-987C-5CBF435F6CF6}.Release|Any CPU.ActiveCfg = Release|Any CPU
		{344F3712-17CA-4AB0-987C-5CBF435F6CF6}.Release|Any CPU.Build.0 = Release|Any CPU
	EndGlobalSection
	GlobalSection(SolutionProperties) = preSolution
		HideSolutionNode = FALSE
	EndGlobalSection
	GlobalSection(ExtensibilityGlobals) = postSolution
		SolutionGuid = {27226E69-5E42-449B-827F-98BAB0184DF6}
	EndGlobalSection
EndGlobal
